# This file is automatically @generated by Cargo.
# It is not intended for manual editing.
version = 3

[[package]]
name = "async-channel"
version = "1.7.1"
source = "registry+https://github.com/rust-lang/crates.io-index"
checksum = "e14485364214912d3b19cc3435dde4df66065127f05fa0d75c712f36f12c2f28"
dependencies = [
 "concurrent-queue",
 "event-listener",
 "futures-core",
]

[[package]]
name = "atty"
version = "0.2.14"
source = "registry+https://github.com/rust-lang/crates.io-index"
checksum = "d9b39be18770d11421cdb1b9947a45dd3f37e93092cbf377614828a319d5fee8"
dependencies = [
 "hermit-abi",
 "libc",
 "winapi",
]

[[package]]
name = "autocfg"
version = "1.1.0"
source = "registry+https://github.com/rust-lang/crates.io-index"
checksum = "d468802bab17cbc0cc575e9b053f41e72aa36bfa6b7f55e3529ffa43161b97fa"

[[package]]
name = "bitflags"
version = "1.3.2"
source = "registry+https://github.com/rust-lang/crates.io-index"
checksum = "bef38d45163c2f1dde094a7dfd33ccf595c92905c8f8f4fdc18d06fb1037718a"

[[package]]
name = "bytemuck"
version = "1.12.3"
source = "registry+https://github.com/rust-lang/crates.io-index"
checksum = "aaa3a8d9a1ca92e282c96a32d6511b695d7d994d1d102ba85d279f9b2756947f"
dependencies = [
 "bytemuck_derive",
]

[[package]]
name = "bytemuck_derive"
version = "1.3.0"
source = "registry+https://github.com/rust-lang/crates.io-index"
checksum = "5fe233b960f12f8007e3db2d136e3cb1c291bfd7396e384ee76025fc1a3932b4"
dependencies = [
 "proc-macro2",
 "quote",
 "syn",
]

[[package]]
name = "byteorder"
version = "1.4.3"
source = "registry+https://github.com/rust-lang/crates.io-index"
checksum = "14c189c53d098945499cdfa7ecc63567cf3886b3332b312a5b4585d8d3a6a610"

[[package]]
name = "cache-padded"
version = "1.2.0"
source = "registry+https://github.com/rust-lang/crates.io-index"
checksum = "c1db59621ec70f09c5e9b597b220c7a2b43611f4710dc03ceb8748637775692c"

[[package]]
name = "cfg-if"
version = "1.0.0"
source = "registry+https://github.com/rust-lang/crates.io-index"
checksum = "baf1de4339761588bc0619e3cbc0120ee582ebb74b53b4efbf79117bd2da40fd"

[[package]]
name = "clap"
version = "4.0.19"
source = "registry+https://github.com/rust-lang/crates.io-index"
checksum = "8e67816e006b17427c9b4386915109b494fec2d929c63e3bd3561234cbf1bf1e"
dependencies = [
 "atty",
 "bitflags",
 "clap_derive",
 "clap_lex",
 "once_cell",
 "strsim",
 "termcolor",
]

[[package]]
name = "clap_derive"
version = "4.0.18"
source = "registry+https://github.com/rust-lang/crates.io-index"
checksum = "16a1b0f6422af32d5da0c58e2703320f379216ee70198241c84173a8c5ac28f3"
dependencies = [
 "heck",
 "proc-macro-error",
 "proc-macro2",
 "quote",
 "syn",
]

[[package]]
name = "clap_lex"
version = "0.3.0"
source = "registry+https://github.com/rust-lang/crates.io-index"
checksum = "0d4198f73e42b4936b35b5bb248d81d2b595ecb170da0bac7655c54eedfa8da8"
dependencies = [
 "os_str_bytes",
]

[[package]]
name = "concurrent-queue"
version = "1.2.4"
source = "registry+https://github.com/rust-lang/crates.io-index"
checksum = "af4780a44ab5696ea9e28294517f1fffb421a83a25af521333c838635509db9c"
dependencies = [
 "cache-padded",
]

[[package]]
name = "crossbeam-channel"
version = "0.5.6"
source = "registry+https://github.com/rust-lang/crates.io-index"
checksum = "c2dd04ddaf88237dc3b8d8f9a3c1004b506b54b3313403944054d23c0870c521"
dependencies = [
 "cfg-if",
 "crossbeam-utils",
]

[[package]]
name = "crossbeam-utils"
version = "0.8.12"
source = "registry+https://github.com/rust-lang/crates.io-index"
checksum = "edbafec5fa1f196ca66527c1b12c2ec4745ca14b50f1ad8f9f6f720b55d11fac"
dependencies = [
 "cfg-if",
]

[[package]]
name = "devutils"
version = "0.0.0"
dependencies = [
 "interprocess",
 "libtest-mimic",
 "windows",
]

[[package]]
name = "event-listener"
version = "2.5.3"
source = "registry+https://github.com/rust-lang/crates.io-index"
checksum = "0206175f82b8d6bf6652ff7d71a1e27fd2e4efde587fd368662814d6ec1d9ce0"

[[package]]
name = "futures-core"
version = "0.3.25"
source = "registry+https://github.com/rust-lang/crates.io-index"
checksum = "04909a7a7e4633ae6c4a9ab280aeb86da1236243a77b694a49eacd659a4bd3ac"

[[package]]
name = "heck"
version = "0.4.0"
source = "registry+https://github.com/rust-lang/crates.io-index"
checksum = "2540771e65fc8cb83cd6e8a237f70c319bd5c29f78ed1084ba5d50eeac86f7f9"

[[package]]
name = "hermit-abi"
version = "0.1.19"
source = "registry+https://github.com/rust-lang/crates.io-index"
checksum = "62b467343b94ba476dcb2500d242dadbb39557df889310ac77c5d99100aaac33"
dependencies = [
 "libc",
]

[[package]]
name = "interprocess"
version = "1.2.1"
source = "registry+https://github.com/rust-lang/crates.io-index"
checksum = "81f2533f3be42fffe3b5e63b71aeca416c1c3bc33e4e27be018521e76b1f38fb"
dependencies = [
 "cfg-if",
 "libc",
 "rustc_version",
 "to_method",
 "winapi",
]

[[package]]
name = "lazy_static"
version = "1.4.0"
source = "registry+https://github.com/rust-lang/crates.io-index"
checksum = "e2abad23fbc42b3700f2f279844dc832adb2b2eb069b2df918f455c4e18cc646"

[[package]]
name = "libc"
version = "0.2.137"
source = "registry+https://github.com/rust-lang/crates.io-index"
checksum = "fc7fcc620a3bff7cdd7a365be3376c97191aeaccc2a603e600951e452615bf89"

[[package]]
name = "libtest-mimic"
version = "0.6.0"
source = "registry+https://github.com/rust-lang/crates.io-index"
checksum = "d7b603516767d1ab23d0de09d023e62966c3322f7148297c35cf3d97aa8b37fa"
dependencies = [
 "clap",
 "termcolor",
 "threadpool",
]

[[package]]
name = "log"
version = "0.4.17"
source = "registry+https://github.com/rust-lang/crates.io-index"
checksum = "abb12e687cfb44aa40f41fc3978ef76448f9b6038cad6aef4259d3c095a2382e"
dependencies = [
 "cfg-if",
]

[[package]]
name = "num-derive"
version = "0.3.3"
source = "registry+https://github.com/rust-lang/crates.io-index"
checksum = "876a53fff98e03a936a674b29568b0e605f06b29372c2489ff4de23f1949743d"
dependencies = [
 "proc-macro2",
 "quote",
 "syn",
]

[[package]]
name = "num-traits"
version = "0.2.15"
source = "registry+https://github.com/rust-lang/crates.io-index"
checksum = "578ede34cf02f8924ab9447f50c28075b4d3e5b269972345e7e0372b38c6cdcd"
dependencies = [
 "autocfg",
]

[[package]]
name = "num_cpus"
version = "1.14.0"
source = "registry+https://github.com/rust-lang/crates.io-index"
checksum = "f6058e64324c71e02bc2b150e4f3bc8286db6c83092132ffa3f6b1eab0f9def5"
dependencies = [
 "hermit-abi",
 "libc",
]

[[package]]
name = "once_cell"
version = "1.16.0"
source = "registry+https://github.com/rust-lang/crates.io-index"
checksum = "86f0b0d4bf799edbc74508c1e8bf170ff5f41238e5f8225603ca7caaae2b7860"

[[package]]
name = "os_str_bytes"
version = "6.3.1"
source = "registry+https://github.com/rust-lang/crates.io-index"
checksum = "3baf96e39c5359d2eb0dd6ccb42c62b91d9678aa68160d261b9e0ccbf9e9dea9"

[[package]]
name = "pin-project-lite"
version = "0.2.9"
source = "registry+https://github.com/rust-lang/crates.io-index"
checksum = "e0a7ae3ac2f1173085d398531c705756c94a4c56843785df85a60c1a0afac116"

[[package]]
name = "proc-macro-error"
version = "1.0.4"
source = "registry+https://github.com/rust-lang/crates.io-index"
checksum = "da25490ff9892aab3fcf7c36f08cfb902dd3e71ca0f9f9517bea02a73a5ce38c"
dependencies = [
 "proc-macro-error-attr",
 "proc-macro2",
 "quote",
 "syn",
 "version_check",
]

[[package]]
name = "proc-macro-error-attr"
version = "1.0.4"
source = "registry+https://github.com/rust-lang/crates.io-index"
checksum = "a1be40180e52ecc98ad80b184934baf3d0d29f979574e439af5a55274b35f869"
dependencies = [
 "proc-macro2",
 "quote",
 "version_check",
]

[[package]]
name = "proc-macro2"
version = "1.0.47"
source = "registry+https://github.com/rust-lang/crates.io-index"
checksum = "5ea3d908b0e36316caf9e9e2c4625cdde190a7e6f440d794667ed17a1855e725"
dependencies = [
 "unicode-ident",
]

[[package]]
name = "quote"
version = "1.0.21"
source = "registry+https://github.com/rust-lang/crates.io-index"
checksum = "bbe448f377a7d6961e30f5955f9b8d106c3f5e449d493ee1b125c1d43c2b5179"
dependencies = [
 "proc-macro2",
]

[[package]]
name = "rustc_version"
version = "0.4.0"
source = "registry+https://github.com/rust-lang/crates.io-index"
checksum = "bfa0f585226d2e68097d4f95d113b15b83a82e819ab25717ec0590d9584ef366"
dependencies = [
 "semver",
]

[[package]]
name = "semver"
version = "1.0.14"
source = "registry+https://github.com/rust-lang/crates.io-index"
checksum = "e25dfac463d778e353db5be2449d1cce89bd6fd23c9f1ea21310ce6e5a1b29c4"

[[package]]
name = "sharded-slab"
version = "0.1.4"
source = "registry+https://github.com/rust-lang/crates.io-index"
checksum = "900fba806f70c630b0a382d0d825e17a0f19fcd059a2ade1ff237bcddf446b31"
dependencies = [
 "lazy_static",
]

[[package]]
name = "strsim"
version = "0.10.0"
source = "registry+https://github.com/rust-lang/crates.io-index"
checksum = "73473c0e59e6d5812c5dfe2a064a6444949f089e20eec9a2e5506596494e4623"

[[package]]
name = "syn"
version = "1.0.103"
source = "registry+https://github.com/rust-lang/crates.io-index"
checksum = "a864042229133ada95abf3b54fdc62ef5ccabe9515b64717bcb9a1919e59445d"
dependencies = [
 "proc-macro2",
 "quote",
 "unicode-ident",
]

[[package]]
name = "termcolor"
version = "1.1.3"
source = "registry+https://github.com/rust-lang/crates.io-index"
checksum = "bab24d30b911b2376f3a13cc2cd443142f0c81dda04c118693e35b3835757755"
dependencies = [
 "winapi-util",
]

[[package]]
name = "thiserror"
version = "1.0.37"
source = "registry+https://github.com/rust-lang/crates.io-index"
checksum = "10deb33631e3c9018b9baf9dcbbc4f737320d2b576bac10f6aefa048fa407e3e"
dependencies = [
 "thiserror-impl",
]

[[package]]
name = "thiserror-impl"
version = "1.0.37"
source = "registry+https://github.com/rust-lang/crates.io-index"
checksum = "982d17546b47146b28f7c22e3d08465f6b8903d0ea13c1660d9d84a6e7adcdbb"
dependencies = [
 "proc-macro2",
 "quote",
 "syn",
]

[[package]]
name = "thread_local"
version = "1.1.4"
source = "registry+https://github.com/rust-lang/crates.io-index"
checksum = "5516c27b78311c50bf42c071425c560ac799b11c30b31f87e3081965fe5e0180"
dependencies = [
 "once_cell",
]

[[package]]
name = "threadpool"
version = "1.8.1"
source = "registry+https://github.com/rust-lang/crates.io-index"
checksum = "d050e60b33d41c19108b32cea32164033a9013fe3b46cbd4457559bfbf77afaa"
dependencies = [
 "num_cpus",
]

[[package]]
name = "to_method"
version = "1.1.0"
source = "registry+https://github.com/rust-lang/crates.io-index"
checksum = "c7c4ceeeca15c8384bbc3e011dbd8fccb7f068a440b752b7d9b32ceb0ca0e2e8"

[[package]]
name = "tokio"
version = "1.21.2"
source = "registry+https://github.com/rust-lang/crates.io-index"
checksum = "a9e03c497dc955702ba729190dc4aac6f2a0ce97f913e5b1b5912fc5039d9099"
dependencies = [
 "autocfg",
 "num_cpus",
 "pin-project-lite",
 "tokio-macros",
]

[[package]]
name = "tokio-macros"
version = "1.8.0"
source = "registry+https://github.com/rust-lang/crates.io-index"
checksum = "9724f9a975fb987ef7a3cd9be0350edcbe130698af5b8f7a631e23d42d052484"
dependencies = [
 "proc-macro2",
 "quote",
 "syn",
]

[[package]]
name = "tracing"
version = "0.1.37"
source = "registry+https://github.com/rust-lang/crates.io-index"
checksum = "8ce8c33a8d48bd45d624a6e523445fd21ec13d3653cd51f681abf67418f54eb8"
dependencies = [
 "cfg-if",
 "log",
 "pin-project-lite",
 "tracing-core",
]

[[package]]
name = "tracing-core"
version = "0.1.30"
source = "registry+https://github.com/rust-lang/crates.io-index"
checksum = "24eb03ba0eab1fd845050058ce5e616558e8f8d8fca633e6b163fe25c797213a"
dependencies = [
 "once_cell",
]

[[package]]
name = "tracing-subscriber"
version = "0.3.16"
source = "registry+https://github.com/rust-lang/crates.io-index"
checksum = "a6176eae26dd70d0c919749377897b54a9276bd7061339665dd68777926b5a70"
dependencies = [
 "sharded-slab",
 "thread_local",
 "tracing-core",
]

[[package]]
name = "unicode-ident"
version = "1.0.5"
source = "registry+https://github.com/rust-lang/crates.io-index"
checksum = "6ceab39d59e4c9499d4e5a8ee0e2735b891bb7308ac83dfb4e80cad195c9f6f3"

[[package]]
name = "uuid"
version = "1.2.1"
source = "registry+https://github.com/rust-lang/crates.io-index"
checksum = "feb41e78f93363bb2df8b0e86a2ca30eed7806ea16ea0c790d757cf93f79be83"

[[package]]
name = "version_check"
version = "0.9.4"
source = "registry+https://github.com/rust-lang/crates.io-index"
checksum = "49874b5167b65d7193b8aba1567f5c7d93d001cafc34600cee003eda787e483f"

[[package]]
name = "winapi"
version = "0.3.9"
source = "registry+https://github.com/rust-lang/crates.io-index"
checksum = "5c839a674fcd7a98952e593242ea400abe93992746761e38641405d28b00f419"
dependencies = [
 "winapi-i686-pc-windows-gnu",
 "winapi-x86_64-pc-windows-gnu",
]

[[package]]
name = "winapi-i686-pc-windows-gnu"
version = "0.4.0"
source = "registry+https://github.com/rust-lang/crates.io-index"
checksum = "ac3b87c63620426dd9b991e5ce0329eff545bccbbb34f3be09ff6fb6ab51b7b6"

[[package]]
name = "winapi-util"
version = "0.1.5"
source = "registry+https://github.com/rust-lang/crates.io-index"
checksum = "70ec6ce85bb158151cae5e5c87f95a8e97d2c0c4b001223f33a334e3ce5de178"
dependencies = [
 "winapi",
]

[[package]]
name = "winapi-x86_64-pc-windows-gnu"
version = "0.4.0"
source = "registry+https://github.com/rust-lang/crates.io-index"
checksum = "712e227841d057c1ee1cd2fb22fa7e5a5461ae8e48fa2ca79ec42cfc1931183f"

[[package]]
name = "windows"
version = "0.42.0"
source = "registry+https://github.com/rust-lang/crates.io-index"
checksum = "0286ba339aa753e70765d521bb0242cc48e1194562bfa2a2ad7ac8a6de28f5d5"
dependencies = [
 "windows_aarch64_gnullvm",
 "windows_aarch64_msvc",
 "windows_i686_gnu",
 "windows_i686_msvc",
 "windows_x86_64_gnu",
 "windows_x86_64_gnullvm",
 "windows_x86_64_msvc",
]

[[package]]
name = "windows-permissions"
version = "0.2.4"
source = "registry+https://github.com/rust-lang/crates.io-index"
checksum = "9e2ccdc3c6bf4d4a094e031b63fadd08d8e42abd259940eb8aa5fdc09d4bf9be"
dependencies = [
 "bitflags",
 "winapi",
]

[[package]]
name = "windows_aarch64_gnullvm"
version = "0.42.0"
source = "registry+https://github.com/rust-lang/crates.io-index"
checksum = "41d2aa71f6f0cbe00ae5167d90ef3cfe66527d6f613ca78ac8024c3ccab9a19e"

[[package]]
name = "windows_aarch64_msvc"
version = "0.42.0"
source = "registry+https://github.com/rust-lang/crates.io-index"
checksum = "dd0f252f5a35cac83d6311b2e795981f5ee6e67eb1f9a7f64eb4500fbc4dcdb4"

[[package]]
name = "windows_i686_gnu"
version = "0.42.0"
source = "registry+https://github.com/rust-lang/crates.io-index"
checksum = "fbeae19f6716841636c28d695375df17562ca208b2b7d0dc47635a50ae6c5de7"

[[package]]
name = "windows_i686_msvc"
version = "0.42.0"
source = "registry+https://github.com/rust-lang/crates.io-index"
checksum = "84c12f65daa39dd2babe6e442988fc329d6243fdce47d7d2d155b8d874862246"

[[package]]
name = "windows_x86_64_gnu"
version = "0.42.0"
source = "registry+https://github.com/rust-lang/crates.io-index"
checksum = "bf7b1b21b5362cbc318f686150e5bcea75ecedc74dd157d874d754a2ca44b0ed"

[[package]]
name = "windows_x86_64_gnullvm"
version = "0.42.0"
source = "registry+https://github.com/rust-lang/crates.io-index"
checksum = "09d525d2ba30eeb3297665bd434a54297e4170c7f1a44cad4ef58095b4cd2028"

[[package]]
name = "windows_x86_64_msvc"
version = "0.42.0"
source = "registry+https://github.com/rust-lang/crates.io-index"
checksum = "f40009d85759725a34da6d89a94e63d7bdc50a862acf0dbc7c8e488f1edcb6f5"

[[package]]
name = "wnf"
version = "0.1.0"
dependencies = [
 "async-channel",
 "bytemuck",
 "crossbeam-channel",
 "devutils",
 "num-derive",
 "num-traits",
 "thiserror",
 "tokio",
 "tracing",
 "tracing-subscriber",
 "uuid",
 "winapi",
 "windows",
 "windows-permissions",
 "zerocopy",
]

[[package]]
name = "zerocopy"
version = "0.6.1"
source = "registry+https://github.com/rust-lang/crates.io-index"
checksum = "332f188cc1bcf1fe1064b8c58d150f497e697f49774aa846f2dc949d9a25f236"
dependencies = [
 "byteorder",
 "zerocopy-derive",
]

[[package]]
name = "zerocopy-derive"
version = "0.3.2"
source = "registry+https://github.com/rust-lang/crates.io-index"
checksum = "6505e6815af7de1746a08f69c69606bb45695a17149517680f3b2149713b19a3"
dependencies = [
 "proc-macro2",
 "quote",
 "syn",
]
